Microsoft Visual Studio Solution File, Format Version 12.00
# Visual Studio Version 17
VisualStudioVersion = 17.5.2.0
MinimumVisualStudioVersion = 10.0.40219.1
Project("{FAE04EC0-301F-11D3-BF4B-00C04F79EFBC}") = "week3", "week3.csproj", "{1726E4F3-974B-E504-499D-11D400ABA342}"
EndProject
Global
	GlobalSection(SolutionConfigurationPlatforms) = preSolution
		Debug|Any CPU = Debug|Any CPU
		Release|Any CPU = Release|Any CPU
	EndGlobalSection
	GlobalSection(ProjectConfigurationPlatforms) = postSolution
		{1726E4F3-974B-E504-499D-11D400ABA342}.Debug|Any CPU.ActiveCfg = Debug|Any CPU
		{1726E4F3-974B-E504-499D-11D400ABA342}.Debug|Any CPU.Build.0 = Debug|Any CPU
		{1726E4F3-974B-E504-499D-11D400ABA342}.Release|Any CPU.ActiveCfg = Release|Any CPU
		{1726E4F3-974B-E504-499D-11D400ABA342}.Release|Any CPU.Build.0 = Release|Any CPU
	EndGlobalSection
	GlobalSection(SolutionProperties) = preSolution
		HideSolutionNode = FALSE
	EndGlobalSection
	GlobalSection(ExtensibilityGlobals) = postSolution
		SolutionGuid = {41F4886B-1787-4214-AF5D-9F79ABEFE20D}
	EndGlobalSection
EndGlobal
